
Microsoft Visual Studio Solution File, Format Version 12.00
# Visual Studio Version 16
VisualStudioVersion = 16.0.31702.278
MinimumVisualStudioVersion = 10.0.40219.1
Project("{FAE04EC0-301F-11D3-BF4B-00C04F79EFBC}") = "Battleship-Test", "Battleship-Test\Battleship-Test.csproj", "{FF28AA64-531E-4B57-AC0B-DE3B13BB56BA}"
EndProject
Global
	GlobalSection(SolutionConfigurationPlatforms) = preSolution
		Debug|Any CPU = Debug|Any CPU
		Release|Any CPU = Release|Any CPU
	EndGlobalSection
	GlobalSection(ProjectConfigurationPlatforms) = postSolution
		{FF28AA64-531E-4B57-AC0B-DE3B13BB56BA}.Debug|Any CPU.ActiveCfg = Debug|Any CPU
		{FF28AA64-531E-4B57-AC0B-DE3B13BB56BA}.Debug|Any CPU.Build.0 = Debug|Any CPU
		{FF28AA64-531E-4B57-AC0B-DE3B13BB56BA}.Release|Any CPU.ActiveCfg = Release|Any CPU
		{FF28AA64-531E-4B57-AC0B-DE3B13BB56BA}.Release|Any CPU.Build.0 = Release|Any CPU
	EndGlobalSection
	GlobalSection(SolutionProperties) = preSolution
		HideSolutionNode = FALSE
	EndGlobalSection
	GlobalSection(ExtensibilityGlobals) = postSolution
		SolutionGuid = {6818CA8A-BFDA-4946-B295-367AC6101058}
	EndGlobalSection
EndGlobal
